
Microsoft Visual Studio Solution File, Format Version 12.00
# Visual Studio Version 17
VisualStudioVersion = 17.9.34622.214
MinimumVisualStudioVersion = 10.0.40219.1
Project("{FAE04EC0-301F-11D3-BF4B-00C04F79EFBC}") = "LMS_Project_APIs", "LMS_Project_APIs.csproj", "{421F20D0-D416-4436-A5C0-0AF2BE319A5A}"
EndProject
Global
	GlobalSection(SolutionConfigurationPlatforms) = preSolution
		Debug|Any CPU = Debug|Any CPU
		Release|Any CPU = Release|Any CPU
	EndGlobalSection
	GlobalSection(ProjectConfigurationPlatforms) = postSolution
		{421F20D0-D416-4436-A5C0-0AF2BE319A5A}.Debug|Any CPU.ActiveCfg = Debug|Any CPU
		{421F20D0-D416-4436-A5C0-0AF2BE319A5A}.Debug|Any CPU.Build.0 = Debug|Any CPU
		{421F20D0-D416-4436-A5C0-0AF2BE319A5A}.Release|Any CPU.ActiveCfg = Release|Any CPU
		{421F20D0-D416-4436-A5C0-0AF2BE319A5A}.Release|Any CPU.Build.0 = Release|Any CPU
	EndGlobalSection
	GlobalSection(SolutionProperties) = preSolution
		HideSolutionNode = FALSE
	EndGlobalSection
	GlobalSection(ExtensibilityGlobals) = postSolution
		SolutionGuid = {C29A1575-6302-4137-841E-4E5939A77FE8}
	EndGlobalSection
EndGlobal
